
Microsoft Visual Studio Solution File, Format Version 12.00
# Visual Studio Version 17
VisualStudioVersion = 17.0.31903.59
MinimumVisualStudioVersion = 10.0.40219.1
Project("{2150E333-8FDC-42A3-9474-1A3956D46DE8}") = "src", "src", "{91B6BFA2-FB18-4E59-BE91-86ECD18729BE}"
EndProject
Project("{FAE04EC0-301F-11D3-BF4B-00C04F79EFBC}") = "FileTidy.Core", "src\FileTidy.Core\FileTidy.Core.csproj", "{427D1A20-4999-4091-997E-CBB164FF97CB}"
EndProject
Project("{FAE04EC0-301F-11D3-BF4B-00C04F79EFBC}") = "FileTidy.App", "src\FileTidy.App\FileTidy.App.csproj", "{EC12D9BE-99A0-49FD-B0F3-7FA3045DC8BB}"
EndProject
Project("{2150E333-8FDC-42A3-9474-1A3956D46DE8}") = "tests", "tests", "{F10943E5-D792-4967-ADED-9B6671E73B41}"
EndProject
Project("{FAE04EC0-301F-11D3-BF4B-00C04F79EFBC}") = "FileTidy.Tests", "tests\FileTidy.Tests\FileTidy.Tests.csproj", "{E09D3C72-8231-4D4B-AF1B-1AFD01FC0635}"
EndProject
Project("{2150E333-8FDC-42A3-9474-1A3956D46DE8}") = "tools", "tools", "{578B2115-D163-48DB-9B9C-AB7C2F7001FC}"
EndProject
Project("{FAE04EC0-301F-11D3-BF4B-00C04F79EFBC}") = "FileTidy.LicenseTool", "tools\FileTidy.LicenseTool\FileTidy.LicenseTool.csproj", "{A90985C0-9038-41FB-A198-03342672A039}"
EndProject
Global
	GlobalSection(SolutionConfigurationPlatforms) = preSolution
		Debug|Any CPU = Debug|Any CPU
		Release|Any CPU = Release|Any CPU
	EndGlobalSection
	GlobalSection(SolutionProperties) = preSolution
		HideSolutionNode = FALSE
	EndGlobalSection
	GlobalSection(ProjectConfigurationPlatforms) = postSolution
		{427D1A20-4999-4091-997E-CBB164FF97CB}.Debug|Any CPU.ActiveCfg = Debug|Any CPU
		{427D1A20-4999-4091-997E-CBB164FF97CB}.Debug|Any CPU.Build.0 = Debug|Any CPU
		{427D1A20-4999-4091-997E-CBB164FF97CB}.Release|Any CPU.ActiveCfg = Release|Any CPU
		{427D1A20-4999-4091-997E-CBB164FF97CB}.Release|Any CPU.Build.0 = Release|Any CPU
		{EC12D9BE-99A0-49FD-B0F3-7FA3045DC8BB}.Debug|Any CPU.ActiveCfg = Debug|Any CPU
		{EC12D9BE-99A0-49FD-B0F3-7FA3045DC8BB}.Debug|Any CPU.Build.0 = Debug|Any CPU
		{EC12D9BE-99A0-49FD-B0F3-7FA3045DC8BB}.Release|Any CPU.ActiveCfg = Release|Any CPU
		{EC12D9BE-99A0-49FD-B0F3-7FA3045DC8BB}.Release|Any CPU.Build.0 = Release|Any CPU
		{E09D3C72-8231-4D4B-AF1B-1AFD01FC0635}.Debug|Any CPU.ActiveCfg = Debug|Any CPU
		{E09D3C72-8231-4D4B-AF1B-1AFD01FC0635}.Debug|Any CPU.Build.0 = Debug|Any CPU
		{E09D3C72-8231-4D4B-AF1B-1AFD01FC0635}.Release|Any CPU.ActiveCfg = Release|Any CPU
		{E09D3C72-8231-4D4B-AF1B-1AFD01FC0635}.Release|Any CPU.Build.0 = Release|Any CPU
		{A90985C0-9038-41FB-A198-03342672A039}.Debug|Any CPU.ActiveCfg = Debug|Any CPU
		{A90985C0-9038-41FB-A198-03342672A039}.Debug|Any CPU.Build.0 = Debug|Any CPU
		{A90985C0-9038-41FB-A198-03342672A039}.Release|Any CPU.ActiveCfg = Release|Any CPU
		{A90985C0-9038-41FB-A198-03342672A039}.Release|Any CPU.Build.0 = Release|Any CPU
	EndGlobalSection
	GlobalSection(NestedProjects) = preSolution
		{427D1A20-4999-4091-997E-CBB164FF97CB} = {91B6BFA2-FB18-4E59-BE91-86ECD18729BE}
		{EC12D9BE-99A0-49FD-B0F3-7FA3045DC8BB} = {91B6BFA2-FB18-4E59-BE91-86ECD18729BE}
		{E09D3C72-8231-4D4B-AF1B-1AFD01FC0635} = {F10943E5-D792-4967-ADED-9B6671E73B41}
		{A90985C0-9038-41FB-A198-03342672A039} = {578B2115-D163-48DB-9B9C-AB7C2F7001FC}
	EndGlobalSection
EndGlobal
